
Microsoft Visual Studio Solution File, Format Version 12.00
# Visual Studio Version 16
VisualStudioVersion = 25.0.1706.0
MinimumVisualStudioVersion = 10.0.40219.1
Project("{2150E333-8FDC-42A3-9474-1A3956D46DE8}") = "FrontEnd", "FrontEnd", "{C991760B-7286-4724-A057-DDBE392F70CB}"
EndProject
Project("{2150E333-8FDC-42A3-9474-1A3956D46DE8}") = "Services", "Services", "{B6C39DE3-7279-4F6F-9FBE-BFB7A7318760}"
EndProject
Project("{2150E333-8FDC-42A3-9474-1A3956D46DE8}") = "Gateway", "Gateway", "{C3AF00B0-44F0-4DB3-9451-38DFF234E9EB}"
EndProject
Project("{2150E333-8FDC-42A3-9474-1A3956D46DE8}") = "Integration", "Integration", "{CAFDD94E-884C-4F6A-874F-04F8EB15ED64}"
EndProject
Project("{FAE04EC0-301F-11D3-BF4B-00C04F79EFBC}") = "FastFoodShop.Services.CouponAPI", "FastFoodShop.Services.CouponAPI\FastFoodShop.Services.CouponAPI.csproj", "{B0F4E568-EC29-49E6-90F6-4311FC3A3B19}"
EndProject
Project("{FAE04EC0-301F-11D3-BF4B-00C04F79EFBC}") = "FastFoodShop.Web", "FastFoodShop.Web\FastFoodShop.Web.csproj", "{EFFEAE82-8DB7-4159-A8D9-D5D8AA5B1D19}"
EndProject
Project("{FAE04EC0-301F-11D3-BF4B-00C04F79EFBC}") = "FastFoodShop.Services.AuthAPI", "FastFoodShop.Services.AuthAPI\FastFoodShop.Services.AuthAPI.csproj", "{C3A60BBA-C174-4178-B8DF-266154B2328E}"
EndProject
Project("{FAE04EC0-301F-11D3-BF4B-00C04F79EFBC}") = "FastFoodShop.Services.ProductAPI", "FastFoodShop.Services.ProductAPI\FastFoodShop.Services.ProductAPI.csproj", "{00D04BDA-C2BA-4D9B-A985-1C46357276DD}"
EndProject
Project("{FAE04EC0-301F-11D3-BF4B-00C04F79EFBC}") = "FastFoodShop.Services.ShoppingCartAPI", "FastFoodShop.Services.ShoppingCartAPI\FastFoodShop.Services.ShoppingCartAPI.csproj", "{89415179-E0C7-45EB-AE98-640D64F55FD0}"
EndProject
Project("{FAE04EC0-301F-11D3-BF4B-00C04F79EFBC}") = "FastFoodShop.MessageBus", "FastFoodShop.MessageBus\FastFoodShop.MessageBus.csproj", "{90F53E02-3B0F-4F99-A764-3A078B359FFA}"
EndProject
Project("{FAE04EC0-301F-11D3-BF4B-00C04F79EFBC}") = "FastFoodShop.Services.EmailAPI", "FastFoodShop.Services.EmailAPI\FastFoodShop.Services.EmailAPI.csproj", "{6E1B55C6-B23D-4905-AE79-EF2452CB746E}"
EndProject
Global
	GlobalSection(SolutionConfigurationPlatforms) = preSolution
		Debug|Any CPU = Debug|Any CPU
		Release|Any CPU = Release|Any CPU
		AllProject|Any CPU = AllProject|Any CPU
	EndGlobalSection
	GlobalSection(ProjectConfigurationPlatforms) = postSolution
		{B0F4E568-EC29-49E6-90F6-4311FC3A3B19}.Debug|Any CPU.ActiveCfg = Debug|Any CPU
		{B0F4E568-EC29-49E6-90F6-4311FC3A3B19}.Debug|Any CPU.Build.0 = Debug|Any CPU
		{B0F4E568-EC29-49E6-90F6-4311FC3A3B19}.Release|Any CPU.ActiveCfg = Release|Any CPU
		{B0F4E568-EC29-49E6-90F6-4311FC3A3B19}.Release|Any CPU.Build.0 = Release|Any CPU
		{B0F4E568-EC29-49E6-90F6-4311FC3A3B19}.AllProject|Any CPU.ActiveCfg = Debug|Any CPU
		{B0F4E568-EC29-49E6-90F6-4311FC3A3B19}.AllProject|Any CPU.Build.0 = Debug|Any CPU
		{EFFEAE82-8DB7-4159-A8D9-D5D8AA5B1D19}.Debug|Any CPU.ActiveCfg = Debug|Any CPU
		{EFFEAE82-8DB7-4159-A8D9-D5D8AA5B1D19}.Debug|Any CPU.Build.0 = Debug|Any CPU
		{EFFEAE82-8DB7-4159-A8D9-D5D8AA5B1D19}.Release|Any CPU.ActiveCfg = Release|Any CPU
		{EFFEAE82-8DB7-4159-A8D9-D5D8AA5B1D19}.Release|Any CPU.Build.0 = Release|Any CPU
		{EFFEAE82-8DB7-4159-A8D9-D5D8AA5B1D19}.AllProject|Any CPU.ActiveCfg = Debug|Any CPU
		{EFFEAE82-8DB7-4159-A8D9-D5D8AA5B1D19}.AllProject|Any CPU.Build.0 = Debug|Any CPU
		{C3A60BBA-C174-4178-B8DF-266154B2328E}.Debug|Any CPU.ActiveCfg = Debug|Any CPU
		{C3A60BBA-C174-4178-B8DF-266154B2328E}.Debug|Any CPU.Build.0 = Debug|Any CPU
		{C3A60BBA-C174-4178-B8DF-266154B2328E}.Release|Any CPU.ActiveCfg = Release|Any CPU
		{C3A60BBA-C174-4178-B8DF-266154B2328E}.Release|Any CPU.Build.0 = Release|Any CPU
		{C3A60BBA-C174-4178-B8DF-266154B2328E}.AllProject|Any CPU.ActiveCfg = Debug|Any CPU
		{C3A60BBA-C174-4178-B8DF-266154B2328E}.AllProject|Any CPU.Build.0 = Debug|Any CPU
		{00D04BDA-C2BA-4D9B-A985-1C46357276DD}.Debug|Any CPU.ActiveCfg = Debug|Any CPU
		{00D04BDA-C2BA-4D9B-A985-1C46357276DD}.Debug|Any CPU.Build.0 = Debug|Any CPU
		{00D04BDA-C2BA-4D9B-A985-1C46357276DD}.Release|Any CPU.ActiveCfg = Release|Any CPU
		{00D04BDA-C2BA-4D9B-A985-1C46357276DD}.Release|Any CPU.Build.0 = Release|Any CPU
		{00D04BDA-C2BA-4D9B-A985-1C46357276DD}.AllProject|Any CPU.ActiveCfg = Debug|Any CPU
		{00D04BDA-C2BA-4D9B-A985-1C46357276DD}.AllProject|Any CPU.Build.0 = Debug|Any CPU
		{89415179-E0C7-45EB-AE98-640D64F55FD0}.Debug|Any CPU.ActiveCfg = Debug|Any CPU
		{89415179-E0C7-45EB-AE98-640D64F55FD0}.Debug|Any CPU.Build.0 = Debug|Any CPU
		{89415179-E0C7-45EB-AE98-640D64F55FD0}.Release|Any CPU.ActiveCfg = Release|Any CPU
		{89415179-E0C7-45EB-AE98-640D64F55FD0}.Release|Any CPU.Build.0 = Release|Any CPU
		{89415179-E0C7-45EB-AE98-640D64F55FD0}.AllProject|Any CPU.ActiveCfg = Debug|Any CPU
		{89415179-E0C7-45EB-AE98-640D64F55FD0}.AllProject|Any CPU.Build.0 = Debug|Any CPU
		{90F53E02-3B0F-4F99-A764-3A078B359FFA}.Debug|Any CPU.ActiveCfg = Debug|Any CPU
		{90F53E02-3B0F-4F99-A764-3A078B359FFA}.Debug|Any CPU.Build.0 = Debug|Any CPU
		{90F53E02-3B0F-4F99-A764-3A078B359FFA}.Release|Any CPU.ActiveCfg = Release|Any CPU
		{90F53E02-3B0F-4F99-A764-3A078B359FFA}.Release|Any CPU.Build.0 = Release|Any CPU
		{90F53E02-3B0F-4F99-A764-3A078B359FFA}.AllProject|Any CPU.ActiveCfg = Debug|Any CPU
		{90F53E02-3B0F-4F99-A764-3A078B359FFA}.AllProject|Any CPU.Build.0 = Debug|Any CPU
		{6E1B55C6-B23D-4905-AE79-EF2452CB746E}.Debug|Any CPU.ActiveCfg = Debug|Any CPU
		{6E1B55C6-B23D-4905-AE79-EF2452CB746E}.Debug|Any CPU.Build.0 = Debug|Any CPU
		{6E1B55C6-B23D-4905-AE79-EF2452CB746E}.Release|Any CPU.ActiveCfg = Release|Any CPU
		{6E1B55C6-B23D-4905-AE79-EF2452CB746E}.Release|Any CPU.Build.0 = Release|Any CPU
		{6E1B55C6-B23D-4905-AE79-EF2452CB746E}.AllProject|Any CPU.ActiveCfg = Debug|Any CPU
		{6E1B55C6-B23D-4905-AE79-EF2452CB746E}.AllProject|Any CPU.Build.0 = Debug|Any CPU
	EndGlobalSection
	GlobalSection(SolutionProperties) = preSolution
		HideSolutionNode = FALSE
	EndGlobalSection
	GlobalSection(ExtensibilityGlobals) = postSolution
		SolutionGuid = {00FE86A6-2418-416E-BE1D-EBF0F3EA2941}
	EndGlobalSection
	GlobalSection(NestedProjects) = preSolution
		{B0F4E568-EC29-49E6-90F6-4311FC3A3B19} = {B6C39DE3-7279-4F6F-9FBE-BFB7A7318760}
		{EFFEAE82-8DB7-4159-A8D9-D5D8AA5B1D19} = {C991760B-7286-4724-A057-DDBE392F70CB}
		{C3A60BBA-C174-4178-B8DF-266154B2328E} = {B6C39DE3-7279-4F6F-9FBE-BFB7A7318760}
		{00D04BDA-C2BA-4D9B-A985-1C46357276DD} = {B6C39DE3-7279-4F6F-9FBE-BFB7A7318760}
		{89415179-E0C7-45EB-AE98-640D64F55FD0} = {B6C39DE3-7279-4F6F-9FBE-BFB7A7318760}
		{90F53E02-3B0F-4F99-A764-3A078B359FFA} = {CAFDD94E-884C-4F6A-874F-04F8EB15ED64}
		{6E1B55C6-B23D-4905-AE79-EF2452CB746E} = {B6C39DE3-7279-4F6F-9FBE-BFB7A7318760}
	EndGlobalSection
EndGlobal
